
Microsoft Visual Studio Solution File, Format Version 12.00
# Visual Studio 14
VisualStudioVersion = 14.0.23107.0
MinimumVisualStudioVersion = 10.0.40219.1
Project("{FAE04EC0-301F-11D3-BF4B-00C04F79EFBC}") = "xf.popups.iOS", "xf.popups\xf.popups.iOS\xf.popups.iOS.csproj", "{C33E2077-E867-45B3-A914-91FD1D0F4639}"
EndProject
Project("{FAE04EC0-301F-11D3-BF4B-00C04F79EFBC}") = "xf.popups.Droid", "xf.popups\xf.popups.Droid\xf.popups.Droid.csproj", "{28656808-19EE-4B37-B31A-B47FBF032009}"
EndProject
Project("{FAE04EC0-301F-11D3-BF4B-00C04F79EFBC}") = "xf.popups", "xf.popups\xf.popups\xf.popups.csproj", "{EA400C40-1783-48DD-8A4A-037002327E02}"
EndProject
Global
	GlobalSection(SolutionConfigurationPlatforms) = preSolution
		Ad-Hoc|Any CPU = Ad-Hoc|Any CPU
		Ad-Hoc|ARM = Ad-Hoc|ARM
		Ad-Hoc|iPhone = Ad-Hoc|iPhone
		Ad-Hoc|iPhoneSimulator = Ad-Hoc|iPhoneSimulator
		Ad-Hoc|x86 = Ad-Hoc|x86
		AppStore|Any CPU = AppStore|Any CPU
		AppStore|ARM = AppStore|ARM
		AppStore|iPhone = AppStore|iPhone
		AppStore|iPhoneSimulator = AppStore|iPhoneSimulator
		AppStore|x86 = AppStore|x86
		Debug|Any CPU = Debug|Any CPU
		Debug|ARM = Debug|ARM
		Debug|iPhone = Debug|iPhone
		Debug|iPhoneSimulator = Debug|iPhoneSimulator
		Debug|x86 = Debug|x86
		Release|Any CPU = Release|Any CPU
		Release|ARM = Release|ARM
		Release|iPhone = Release|iPhone
		Release|iPhoneSimulator = Release|iPhoneSimulator
		Release|x86 = Release|x86
	EndGlobalSection
	GlobalSection(ProjectConfigurationPlatforms) = postSolution
		{C33E2077-E867-45B3-A914-91FD1D0F4639}.Ad-Hoc|Any CPU.ActiveCfg = Ad-Hoc|iPhone
		{C33E2077-E867-45B3-A914-91FD1D0F4639}.Ad-Hoc|ARM.ActiveCfg = Ad-Hoc|iPhone
		{C33E2077-E867-45B3-A914-91FD1D0F4639}.Ad-Hoc|iPhone.ActiveCfg = Ad-Hoc|iPhone
		{C33E2077-E867-45B3-A914-91FD1D0F4639}.Ad-Hoc|iPhone.Build.0 = Ad-Hoc|iPhone
		{C33E2077-E867-45B3-A914-91FD1D0F4639}.Ad-Hoc|iPhoneSimulator.ActiveCfg = Ad-Hoc|iPhoneSimulator
		{C33E2077-E867-45B3-A914-91FD1D0F4639}.Ad-Hoc|iPhoneSimulator.Build.0 = Ad-Hoc|iPhoneSimulator
		{C33E2077-E867-45B3-A914-91FD1D0F4639}.Ad-Hoc|x86.ActiveCfg = Ad-Hoc|iPhone
		{C33E2077-E867-45B3-A914-91FD1D0F4639}.AppStore|Any CPU.ActiveCfg = AppStore|iPhone
		{C33E2077-E867-45B3-A914-91FD1D0F4639}.AppStore|ARM.ActiveCfg = AppStore|iPhone
		{C33E2077-E867-45B3-A914-91FD1D0F4639}.AppStore|iPhone.ActiveCfg = AppStore|iPhone
		{C33E2077-E867-45B3-A914-91FD1D0F4639}.AppStore|iPhone.Build.0 = AppStore|iPhone
		{C33E2077-E867-45B3-A914-91FD1D0F4639}.AppStore|iPhoneSimulator.ActiveCfg = AppStore|iPhoneSimulator
		{C33E2077-E867-45B3-A914-91FD1D0F4639}.AppStore|iPhoneSimulator.Build.0 = AppStore|iPhoneSimulator
		{C33E2077-E867-45B3-A914-91FD1D0F4639}.AppStore|x86.ActiveCfg = AppStore|iPhone
		{C33E2077-E867-45B3-A914-91FD1D0F4639}.Debug|Any CPU.ActiveCfg = Debug|iPhone
		{C33E2077-E867-45B3-A914-91FD1D0F4639}.Debug|ARM.ActiveCfg = Debug|iPhone
		{C33E2077-E867-45B3-A914-91FD1D0F4639}.Debug|iPhone.ActiveCfg = Debug|iPhone
		{C33E2077-E867-45B3-A914-91FD1D0F4639}.Debug|iPhone.Build.0 = Debug|iPhone
		{C33E2077-E867-45B3-A914-91FD1D0F4639}.Debug|iPhoneSimulator.ActiveCfg = Debug|iPhoneSimulator
		{C33E2077-E867-45B3-A914-91FD1D0F4639}.Debug|iPhoneSimulator.Build.0 = Debug|iPhoneSimulator
		{C33E2077-E867-45B3-A914-91FD1D0F4639}.Debug|x86.ActiveCfg = Debug|iPhone
		{C33E2077-E867-45B3-A914-91FD1D0F4639}.Release|Any CPU.ActiveCfg = Release|iPhone
		{C33E2077-E867-45B3-A914-91FD1D0F4639}.Release|ARM.ActiveCfg = Release|iPhone
		{C33E2077-E867-45B3-A914-91FD1D0F4639}.Release|iPhone.ActiveCfg = Release|iPhone
		{C33E2077-E867-45B3-A914-91FD1D0F4639}.Release|iPhone.Build.0 = Release|iPhone
		{C33E2077-E867-45B3-A914-91FD1D0F4639}.Release|iPhoneSimulator.ActiveCfg = Release|iPhoneSimulator
		{C33E2077-E867-45B3-A914-91FD1D0F4639}.Release|iPhoneSimulator.Build.0 = Release|iPhoneSimulator
		{C33E2077-E867-45B3-A914-91FD1D0F4639}.Release|x86.ActiveCfg = Release|iPhone
		{28656808-19EE-4B37-B31A-B47FBF032009}.Ad-Hoc|Any CPU.ActiveCfg = Release|Any CPU
		{28656808-19EE-4B37-B31A-B47FBF032009}.Ad-Hoc|Any CPU.Build.0 = Release|Any CPU
		{28656808-19EE-4B37-B31A-B47FBF032009}.Ad-Hoc|Any CPU.Deploy.0 = Release|Any CPU
		{28656808-19EE-4B37-B31A-B47FBF032009}.Ad-Hoc|ARM.ActiveCfg = Release|Any CPU
		{28656808-19EE-4B37-B31A-B47FBF032009}.Ad-Hoc|ARM.Build.0 = Release|Any CPU
		{28656808-19EE-4B37-B31A-B47FBF032009}.Ad-Hoc|ARM.Deploy.0 = Release|Any CPU
		{28656808-19EE-4B37-B31A-B47FBF032009}.Ad-Hoc|iPhone.ActiveCfg = Release|Any CPU
		{28656808-19EE-4B37-B31A-B47FBF032009}.Ad-Hoc|iPhone.Build.0 = Release|Any CPU
		{28656808-19EE-4B37-B31A-B47FBF032009}.Ad-Hoc|iPhone.Deploy.0 = Release|Any CPU
		{28656808-19EE-4B37-B31A-B47FBF032009}.Ad-Hoc|iPhoneSimulator.ActiveCfg = Release|Any CPU
		{28656808-19EE-4B37-B31A-B47FBF032009}.Ad-Hoc|iPhoneSimulator.Build.0 = Release|Any CPU
		{28656808-19EE-4B37-B31A-B47FBF032009}.Ad-Hoc|iPhoneSimulator.Deploy.0 = Release|Any CPU
		{28656808-19EE-4B37-B31A-B47FBF032009}.Ad-Hoc|x86.ActiveCfg = Release|Any CPU
		{28656808-19EE-4B37-B31A-B47FBF032009}.Ad-Hoc|x86.Build.0 = Release|Any CPU
		{28656808-19EE-4B37-B31A-B47FBF032009}.Ad-Hoc|x86.Deploy.0 = Release|Any CPU
		{28656808-19EE-4B37-B31A-B47FBF032009}.AppStore|Any CPU.ActiveCfg = Release|Any CPU
		{28656808-19EE-4B37-B31A-B47FBF032009}.AppStore|Any CPU.Build.0 = Release|Any CPU
		{28656808-19EE-4B37-B31A-B47FBF032009}.AppStore|Any CPU.Deploy.0 = Release|Any CPU
		{28656808-19EE-4B37-B31A-B47FBF032009}.AppStore|ARM.ActiveCfg = Release|Any CPU
		{28656808-19EE-4B37-B31A-B47FBF032009}.AppStore|ARM.Build.0 = Release|Any CPU
		{28656808-19EE-4B37-B31A-B47FBF032009}.AppStore|ARM.Deploy.0 = Release|Any CPU
		{28656808-19EE-4B37-B31A-B47FBF032009}.AppStore|iPhone.ActiveCfg = Release|Any CPU
		{28656808-19EE-4B37-B31A-B47FBF032009}.AppStore|iPhone.Build.0 = Release|Any CPU
		{28656808-19EE-4B37-B31A-B47FBF032009}.AppStore|iPhone.Deploy.0 = Release|Any CPU
		{28656808-19EE-4B37-B31A-B47FBF032009}.AppStore|iPhoneSimulator.ActiveCfg = Release|Any CPU
		{28656808-19EE-4B37-B31A-B47FBF032009}.AppStore|iPhoneSimulator.Build.0 = Release|Any CPU
		{28656808-19EE-4B37-B31A-B47FBF032009}.AppStore|iPhoneSimulator.Deploy.0 = Release|Any CPU
		{28656808-19EE-4B37-B31A-B47FBF032009}.AppStore|x86.ActiveCfg = Release|Any CPU
		{28656808-19EE-4B37-B31A-B47FBF032009}.AppStore|x86.Build.0 = Release|Any CPU
		{28656808-19EE-4B37-B31A-B47FBF032009}.AppStore|x86.Deploy.0 = Release|Any CPU
		{28656808-19EE-4B37-B31A-B47FBF032009}.Debug|Any CPU.ActiveCfg = Debug|Any CPU
		{28656808-19EE-4B37-B31A-B47FBF032009}.Debug|Any CPU.Build.0 = Debug|Any CPU
		{28656808-19EE-4B37-B31A-B47FBF032009}.Debug|Any CPU.Deploy.0 = Debug|Any CPU
		{28656808-19EE-4B37-B31A-B47FBF032009}.Debug|ARM.ActiveCfg = Debug|Any CPU
		{28656808-19EE-4B37-B31A-B47FBF032009}.Debug|ARM.Build.0 = Debug|Any CPU
		{28656808-19EE-4B37-B31A-B47FBF032009}.Debug|ARM.Deploy.0 = Debug|Any CPU
		{28656808-19EE-4B37-B31A-B47FBF032009}.Debug|iPhone.ActiveCfg = Debug|Any CPU
		{28656808-19EE-4B37-B31A-B47FBF032009}.Debug|iPhone.Build.0 = Debug|Any CPU
		{28656808-19EE-4B37-B31A-B47FBF032009}.Debug|iPhone.Deploy.0 = Debug|Any CPU
		{28656808-19EE-4B37-B31A-B47FBF032009}.Debug|iPhoneSimulator.ActiveCfg = Debug|Any CPU
		{28656808-19EE-4B37-B31A-B47FBF032009}.Debug|iPhoneSimulator.Build.0 = Debug|Any CPU
		{28656808-19EE-4B37-B31A-B47FBF032009}.Debug|iPhoneSimulator.Deploy.0 = Debug|Any CPU
		{28656808-19EE-4B37-B31A-B47FBF032009}.Debug|x86.ActiveCfg = Debug|Any CPU
		{28656808-19EE-4B37-B31A-B47FBF032009}.Debug|x86.Build.0 = Debug|Any CPU
		{28656808-19EE-4B37-B31A-B47FBF032009}.Debug|x86.Deploy.0 = Debug|Any CPU
		{28656808-19EE-4B37-B31A-B47FBF032009}.Release|Any CPU.ActiveCfg = Release|Any CPU
		{28656808-19EE-4B37-B31A-B47FBF032009}.Release|Any CPU.Build.0 = Release|Any CPU
		{28656808-19EE-4B37-B31A-B47FBF032009}.Release|Any CPU.Deploy.0 = Release|Any CPU
		{28656808-19EE-4B37-B31A-B47FBF032009}.Release|ARM.ActiveCfg = Release|Any CPU
		{28656808-19EE-4B37-B31A-B47FBF032009}.Release|ARM.Build.0 = Release|Any CPU
		{28656808-19EE-4B37-B31A-B47FBF032009}.Release|ARM.Deploy.0 = Release|Any CPU
		{28656808-19EE-4B37-B31A-B47FBF032009}.Release|iPhone.ActiveCfg = Release|Any CPU
		{28656808-19EE-4B37-B31A-B47FBF032009}.Release|iPhone.Build.0 = Release|Any CPU
		{28656808-19EE-4B37-B31A-B47FBF032009}.Release|iPhone.Deploy.0 = Release|Any CPU
		{28656808-19EE-4B37-B31A-B47FBF032009}.Release|iPhoneSimulator.ActiveCfg = Release|Any CPU
		{28656808-19EE-4B37-B31A-B47FBF032009}.Release|iPhoneSimulator.Build.0 = Release|Any CPU
		{28656808-19EE-4B37-B31A-B47FBF032009}.Release|iPhoneSimulator.Deploy.0 = Release|Any CPU
		{28656808-19EE-4B37-B31A-B47FBF032009}.Release|x86.ActiveCfg = Release|Any CPU
		{28656808-19EE-4B37-B31A-B47FBF032009}.Release|x86.Build.0 = Release|Any CPU
		{28656808-19EE-4B37-B31A-B47FBF032009}.Release|x86.Deploy.0 = Release|Any CPU
		{EA400C40-1783-48DD-8A4A-037002327E02}.Ad-Hoc|Any CPU.ActiveCfg = Release|Any CPU
		{EA400C40-1783-48DD-8A4A-037002327E02}.Ad-Hoc|Any CPU.Build.0 = Release|Any CPU
		{EA400C40-1783-48DD-8A4A-037002327E02}.Ad-Hoc|ARM.ActiveCfg = Release|Any CPU
		{EA400C40-1783-48DD-8A4A-037002327E02}.Ad-Hoc|ARM.Build.0 = Release|Any CPU
		{EA400C40-1783-48DD-8A4A-037002327E02}.Ad-Hoc|iPhone.ActiveCfg = Release|Any CPU
		{EA400C40-1783-48DD-8A4A-037002327E02}.Ad-Hoc|iPhone.Build.0 = Release|Any CPU
		{EA400C40-1783-48DD-8A4A-037002327E02}.Ad-Hoc|iPhoneSimulator.ActiveCfg = Release|Any CPU
		{EA400C40-1783-48DD-8A4A-037002327E02}.Ad-Hoc|iPhoneSimulator.Build.0 = Release|Any CPU
		{EA400C40-1783-48DD-8A4A-037002327E02}.Ad-Hoc|x86.ActiveCfg = Release|Any CPU
		{EA400C40-1783-48DD-8A4A-037002327E02}.Ad-Hoc|x86.Build.0 = Release|Any CPU
		{EA400C40-1783-48DD-8A4A-037002327E02}.AppStore|Any CPU.ActiveCfg = Release|Any CPU
		{EA400C40-1783-48DD-8A4A-037002327E02}.AppStore|Any CPU.Build.0 = Release|Any CPU
		{EA400C40-1783-48DD-8A4A-037002327E02}.AppStore|ARM.ActiveCfg = Release|Any CPU
		{EA400C40-1783-48DD-8A4A-037002327E02}.AppStore|ARM.Build.0 = Release|Any CPU
		{EA400C40-1783-48DD-8A4A-037002327E02}.AppStore|iPhone.ActiveCfg = Release|Any CPU
		{EA400C40-1783-48DD-8A4A-037002327E02}.AppStore|iPhone.Build.0 = Release|Any CPU
		{EA400C40-1783-48DD-8A4A-037002327E02}.AppStore|iPhoneSimulator.ActiveCfg = Release|Any CPU
		{EA400C40-1783-48DD-8A4A-037002327E02}.AppStore|iPhoneSimulator.Build.0 = Release|Any CPU
		{EA400C40-1783-48DD-8A4A-037002327E02}.AppStore|x86.ActiveCfg = Release|Any CPU
		{EA400C40-1783-48DD-8A4A-037002327E02}.AppStore|x86.Build.0 = Release|Any CPU
		{EA400C40-1783-48DD-8A4A-037002327E02}.Debug|Any CPU.ActiveCfg = Debug|Any CPU
		{EA400C40-1783-48DD-8A4A-037002327E02}.Debug|Any CPU.Build.0 = Debug|Any CPU
		{EA400C40-1783-48DD-8A4A-037002327E02}.Debug|ARM.ActiveCfg = Debug|Any CPU
		{EA400C40-1783-48DD-8A4A-037002327E02}.Debug|ARM.Build.0 = Debug|Any CPU
		{EA400C40-1783-48DD-8A4A-037002327E02}.Debug|iPhone.ActiveCfg = Debug|Any CPU
		{EA400C40-1783-48DD-8A4A-037002327E02}.Debug|iPhone.Build.0 = Debug|Any CPU
		{EA400C40-1783-48DD-8A4A-037002327E02}.Debug|iPhoneSimulator.ActiveCfg = Debug|Any CPU
		{EA400C40-1783-48DD-8A4A-037002327E02}.Debug|iPhoneSimulator.Build.0 = Debug|Any CPU
		{EA400C40-1783-48DD-8A4A-037002327E02}.Debug|x86.ActiveCfg = Debug|Any CPU
		{EA400C40-1783-48DD-8A4A-037002327E02}.Debug|x86.Build.0 = Debug|Any CPU
		{EA400C40-1783-48DD-8A4A-037002327E02}.Release|Any CPU.ActiveCfg = Release|Any CPU
		{EA400C40-1783-48DD-8A4A-037002327E02}.Release|Any CPU.Build.0 = Release|Any CPU
		{EA400C40-1783-48DD-8A4A-037002327E02}.Release|ARM.ActiveCfg = Release|Any CPU
		{EA400C40-1783-48DD-8A4A-037002327E02}.Release|ARM.Build.0 = Release|Any CPU
		{EA400C40-1783-48DD-8A4A-037002327E02}.Release|iPhone.ActiveCfg = Release|Any CPU
		{EA400C40-1783-48DD-8A4A-037002327E02}.Release|iPhone.Build.0 = Release|Any CPU
		{EA400C40-1783-48DD-8A4A-037002327E02}.Release|iPhoneSimulator.ActiveCfg = Release|Any CPU
		{EA400C40-1783-48DD-8A4A-037002327E02}.Release|iPhoneSimulator.Build.0 = Release|Any CPU
		{EA400C40-1783-48DD-8A4A-037002327E02}.Release|x86.ActiveCfg = Release|Any CPU
		{EA400C40-1783-48DD-8A4A-037002327E02}.Release|x86.Build.0 = Release|Any CPU
	EndGlobalSection
	GlobalSection(SolutionProperties) = preSolution
		HideSolutionNode = FALSE
	EndGlobalSection
EndGlobal
